
Microsoft Visual Studio Solution File, Format Version 12.00
# Visual Studio Version 17
VisualStudioVersion = 17.7.34221.43
MinimumVisualStudioVersion = 10.0.40219.1
Project("{9A19103F-16F7-4668-BE54-9A1E7A4F7556}") = "SuperProject", "SuperProject\SuperProject.csproj", "{E56C670B-093E-4975-9F8C-8194D92936CD}"
EndProject
Project("{9A19103F-16F7-4668-BE54-9A1E7A4F7556}") = "Data", "Data\Data.csproj", "{82B49835-3ED8-4C90-B2A1-CE4232FCF646}"
EndProject
Project("{FAE04EC0-301F-11D3-BF4B-00C04F79EFBC}") = "Service", "Service\Service.csproj", "{9336597A-C0B7-4BC3-A388-1E8D8B4387A3}"
EndProject
Project("{FAE04EC0-301F-11D3-BF4B-00C04F79EFBC}") = "Domain", "Domain\Domain.csproj", "{C19D4A93-F047-4B98-910F-F8A9E5EFF715}"
EndProject
Project("{FAE04EC0-301F-11D3-BF4B-00C04F79EFBC}") = "superTest", "superTest\superTest.csproj", "{C35D452C-0E84-4F0C-A5BB-290D6C3A897B}"
EndProject
Global
	GlobalSection(SolutionConfigurationPlatforms) = preSolution
		Debug|Any CPU = Debug|Any CPU
		Release|Any CPU = Release|Any CPU
	EndGlobalSection
	GlobalSection(ProjectConfigurationPlatforms) = postSolution
		{E56C670B-093E-4975-9F8C-8194D92936CD}.Debug|Any CPU.ActiveCfg = Debug|Any CPU
		{E56C670B-093E-4975-9F8C-8194D92936CD}.Debug|Any CPU.Build.0 = Debug|Any CPU
		{E56C670B-093E-4975-9F8C-8194D92936CD}.Release|Any CPU.ActiveCfg = Release|Any CPU
		{E56C670B-093E-4975-9F8C-8194D92936CD}.Release|Any CPU.Build.0 = Release|Any CPU
		{82B49835-3ED8-4C90-B2A1-CE4232FCF646}.Debug|Any CPU.ActiveCfg = Debug|Any CPU
		{82B49835-3ED8-4C90-B2A1-CE4232FCF646}.Debug|Any CPU.Build.0 = Debug|Any CPU
		{82B49835-3ED8-4C90-B2A1-CE4232FCF646}.Release|Any CPU.ActiveCfg = Release|Any CPU
		{82B49835-3ED8-4C90-B2A1-CE4232FCF646}.Release|Any CPU.Build.0 = Release|Any CPU
		{9336597A-C0B7-4BC3-A388-1E8D8B4387A3}.Debug|Any CPU.ActiveCfg = Debug|Any CPU
		{9336597A-C0B7-4BC3-A388-1E8D8B4387A3}.Debug|Any CPU.Build.0 = Debug|Any CPU
		{9336597A-C0B7-4BC3-A388-1E8D8B4387A3}.Release|Any CPU.ActiveCfg = Release|Any CPU
		{9336597A-C0B7-4BC3-A388-1E8D8B4387A3}.Release|Any CPU.Build.0 = Release|Any CPU
		{C19D4A93-F047-4B98-910F-F8A9E5EFF715}.Debug|Any CPU.ActiveCfg = Debug|Any CPU
		{C19D4A93-F047-4B98-910F-F8A9E5EFF715}.Debug|Any CPU.Build.0 = Debug|Any CPU
		{C19D4A93-F047-4B98-910F-F8A9E5EFF715}.Release|Any CPU.ActiveCfg = Release|Any CPU
		{C19D4A93-F047-4B98-910F-F8A9E5EFF715}.Release|Any CPU.Build.0 = Release|Any CPU
		{C35D452C-0E84-4F0C-A5BB-290D6C3A897B}.Debug|Any CPU.ActiveCfg = Debug|Any CPU
		{C35D452C-0E84-4F0C-A5BB-290D6C3A897B}.Debug|Any CPU.Build.0 = Debug|Any CPU
		{C35D452C-0E84-4F0C-A5BB-290D6C3A897B}.Release|Any CPU.ActiveCfg = Release|Any CPU
		{C35D452C-0E84-4F0C-A5BB-290D6C3A897B}.Release|Any CPU.Build.0 = Release|Any CPU
	EndGlobalSection
	GlobalSection(SolutionProperties) = preSolution
		HideSolutionNode = FALSE
	EndGlobalSection
	GlobalSection(ExtensibilityGlobals) = postSolution
		SolutionGuid = {E9189A2F-0C8D-458A-8344-E13219B1A330}
	EndGlobalSection
EndGlobal
